%{
  "certifi": {:hex, :certifi, "2.4.2", "75424ff0f3baaccfd34b1214184b6ef616d89e420b258bb0a5ea7d7bc628f7f0", [:rebar3], [{:parse_trans, "~>3.3", [hex: :parse_trans, repo: "hexpm", optional: false]}], "hexpm", "01d479edba0569a7b7a2c8bf923feeb6dc6a358edc2965ef69aea9ba288bb243"},
  "cowlib": {:hex, :cowlib, "2.6.0", "8aa629f81a0fc189f261dc98a42243fa842625feea3c7ec56c48f4ccdb55490f", [:rebar3], [], "hexpm", "45a1a08e05e4c66f2af665295955e337d52c2d33b1f1cf24d353cadeddf34992"},
  "dialyxir": {:hex, :dialyxir, "0.5.1", "b331b091720fd93e878137add264bac4f644e1ddae07a70bf7062c7862c4b952", [:mix], [], "hexpm", "6c32a70ed5d452c6650916555b1f96c79af5fc4bf286997f8b15f213de786f73"},
  "earmark": {:hex, :earmark, "1.4.1", "07bb382826ee8d08d575a1981f971ed41bd5d7e86b917fd012a93c51b5d28727", [:mix], [], "hexpm", "cdfa03374331187c7b9e86d971423a19138dc1cf9902b26923a657c789673876"},
  "ex_doc": {:hex, :ex_doc, "0.21.2", "caca5bc28ed7b3bdc0b662f8afe2bee1eedb5c3cf7b322feeeb7c6ebbde089d6", [:mix], [{:earmark, "~> 1.3.3 or ~> 1.4", [hex: :earmark, repo: "hexpm", optional: false]}, {:makeup_elixir, "~> 0.14", [hex: :makeup_elixir, repo: "hexpm", optional: false]}], "hexpm", "f1155337ae17ff7a1255217b4c1ceefcd1860b7ceb1a1874031e7a861b052e39"},
  "gun": {:hex, :gun, "1.3.1", "1489fd96018431b89f401041a9ce0b02b45265247f0fdcf71273bf087c64ea4f", [:rebar3], [{:cowlib, "~> 2.6.0", [hex: :cowlib, repo: "hexpm", optional: false]}], "hexpm", "f4d25a6946e34fe5d4d698db32b0f2a9bbb1e9fd75d23a0ffadbad373c48451f"},
  "hackney": {:hex, :hackney, "1.15.0", "287a5d2304d516f63e56c469511c42b016423bcb167e61b611f6bad47e3ca60e", [:rebar3], [{:certifi, "2.4.2", [hex: :certifi, repo: "hexpm", optional: false]}, {:idna, "6.0.0", [hex: :idna, repo: "hexpm", optional: false]}, {:metrics, "1.0.1", [hex: :metrics, repo: "hexpm", optional: false]}, {:mimerl, "1.0.2", [hex: :mimerl, repo: "hexpm", optional: false]}, {:ssl_verify_fun, "1.1.4", [hex: :ssl_verify_fun, repo: "hexpm", optional: false]}], "hexpm", "b69d97134f1876ba8e4e2f405e9da8cba7cf4f2da0b7cc24a5ccef8dcf1b46b2"},
  "idna": {:hex, :idna, "6.0.0", "689c46cbcdf3524c44d5f3dde8001f364cd7608a99556d8fbd8239a5798d4c10", [:rebar3], [{:unicode_util_compat, "0.4.1", [hex: :unicode_util_compat, repo: "hexpm", optional: false]}], "hexpm", "4bdd305eb64e18b0273864920695cb18d7a2021f31a11b9c5fbcd9a253f936e2"},
  "inch_ex": {:hex, :inch_ex, "0.5.6", "418357418a553baa6d04eccd1b44171936817db61f4c0840112b420b8e378e67", [:mix], [{:poison, "~> 1.5 or ~> 2.0 or ~> 3.0", [hex: :poison, repo: "hexpm", optional: false]}], "hexpm", "7123ca0450686a61416a06cd38e26af18fd0f8c1cff5214770a957c6e0724338"},
  "jason": {:hex, :jason, "1.1.2", "b03dedea67a99223a2eaf9f1264ce37154564de899fd3d8b9a21b1a6fd64afe7", [:mix], [{:decimal, "~> 1.0", [hex: :decimal, repo: "hexpm", optional: true]}], "hexpm", "fdf843bca858203ae1de16da2ee206f53416bbda5dc8c9e78f43243de4bc3afe"},
  "makeup": {:hex, :makeup, "1.0.0", "671df94cf5a594b739ce03b0d0316aa64312cee2574b6a44becb83cd90fb05dc", [:mix], [{:nimble_parsec, "~> 0.5.0", [hex: :nimble_parsec, repo: "hexpm", optional: false]}], "hexpm", "a10c6eb62cca416019663129699769f0c2ccf39428b3bb3c0cb38c718a0c186d"},
  "makeup_elixir": {:hex, :makeup_elixir, "0.14.0", "cf8b7c66ad1cff4c14679698d532f0b5d45a3968ffbcbfd590339cb57742f1ae", [:mix], [{:makeup, "~> 1.0", [hex: :makeup, repo: "hexpm", optional: false]}], "hexpm", "d4b316c7222a85bbaa2fd7c6e90e37e953257ad196dc229505137c5e505e9eff"},
  "maxwell": {:hex, :maxwell, "2.2.3", "79d6a0e40bf01813b2787d02521f6dd9d06a1c3e364a6160f2bfe32eae46e95a", [:mix], [{:fuse, "~> 2.4", [hex: :fuse, repo: "hexpm", optional: true]}, {:hackney, "~> 1.6", [hex: :hackney, repo: "hexpm", optional: true]}, {:ibrowse, "~> 4.2", [hex: :ibrowse, repo: "hexpm", optional: true]}, {:mimerl, "~> 1.0.2", [hex: :mimerl, repo: "hexpm", optional: false]}, {:poison, "~> 2.1 or ~> 3.0", [hex: :poison, repo: "hexpm", optional: true]}], "hexpm", "aa3f1f467f0998ae394810cfc3e0b25712ef6f8c6102708cb0de70396db42a39"},
  "metrics": {:hex, :metrics, "1.0.1", "25f094dea2cda98213cecc3aeff09e940299d950904393b2a29d191c346a8486", [:rebar3], [], "hexpm", "69b09adddc4f74a40716ae54d140f93beb0fb8978d8636eaded0c31b6f099f16"},
  "mime": {:hex, :mime, "1.3.1", "30ce04ab3175b6ad0bdce0035cba77bba68b813d523d1aac73d9781b4d193cf8", [:mix], [], "hexpm", "6cbe761d6a0ca5a31a0931bf4c63204bceb64538e664a8ecf784a9a6f3b875f1"},
  "mimerl": {:hex, :mimerl, "1.0.2", "993f9b0e084083405ed8252b99460c4f0563e41729ab42d9074fd5e52439be88", [:rebar3], [], "hexpm", "7a4c8e1115a2732a67d7624e28cf6c9f30c66711a9e92928e745c255887ba465"},
  "nimble_parsec": {:hex, :nimble_parsec, "0.5.1", "c90796ecee0289dbb5ad16d3ad06f957b0cd1199769641c961cfe0b97db190e0", [:mix], [], "hexpm", "00e3ebdc821fb3a36957320d49e8f4bfa310d73ea31c90e5f925dc75e030da8f"},
  "parse_trans": {:hex, :parse_trans, "3.3.0", "09765507a3c7590a784615cfd421d101aec25098d50b89d7aa1d66646bc571c1", [:rebar3], [], "hexpm", "17ef63abde837ad30680ea7f857dd9e7ced9476cdd7b0394432af4bfc241b960"},
  "poison": {:hex, :poison, "3.1.0", "d9eb636610e096f86f25d9a46f35a9facac35609a7591b3be3326e99a0484665", [:mix], [], "hexpm", "fec8660eb7733ee4117b85f55799fd3833eb769a6df71ccf8903e8dc5447cfce"},
  "ssl_verify_fun": {:hex, :ssl_verify_fun, "1.1.4", "f0eafff810d2041e93f915ef59899c923f4568f4585904d010387ed74988e77b", [:make, :mix, :rebar3], [], "hexpm", "603561dc0fd62f4f2ea9b890f4e20e1a0d388746d6e20557cafb1b16950de88c"},
  "tesla": {:hex, :tesla, "1.3.0", "f35d72f029e608f9cdc6f6d6fcc7c66cf6d6512a70cfef9206b21b8bd0203a30", [:mix], [{:castore, "~> 0.1", [hex: :castore, repo: "hexpm", optional: true]}, {:exjsx, ">= 3.0.0", [hex: :exjsx, repo: "hexpm", optional: true]}, {:fuse, "~> 2.4", [hex: :fuse, repo: "hexpm", optional: true]}, {:gun, "~> 1.3", [hex: :gun, repo: "hexpm", optional: true]}, {:hackney, "~> 1.6", [hex: :hackney, repo: "hexpm", optional: true]}, {:ibrowse, "~> 4.4.0", [hex: :ibrowse, repo: "hexpm", optional: true]}, {:jason, ">= 1.0.0", [hex: :jason, repo: "hexpm", optional: true]}, {:mime, "~> 1.0", [hex: :mime, repo: "hexpm", optional: false]}, {:mint, "~> 0.4", [hex: :mint, repo: "hexpm", optional: true]}, {:poison, ">= 1.0.0", [hex: :poison, repo: "hexpm", optional: true]}, {:telemetry, "~> 0.3", [hex: :telemetry, repo: "hexpm", optional: true]}], "hexpm", "93a7cacc5ca47997759cfa1d3ab25501d291e490908006d5be56f37f89d96693"},
  "unicode_util_compat": {:hex, :unicode_util_compat, "0.4.1", "d869e4c68901dd9531385bb0c8c40444ebf624e60b6962d95952775cac5e90cd", [:rebar3], [], "hexpm", "1d1848c40487cdb0b30e8ed975e34e025860c02e419cb615d255849f3427439d"},
}
